github.com/yuin/goldmark v1.8.2 h1:kEGpgqJXdgbkhcOgBxkC0X0PmoPG1ZyoZ117rDVp4zE=
github.com/yuin/goldmark v1.8.2/go.mod h1:ip/1k0VRfGynBgxOz0yCqHrbZXhcjxyuS66Brc7iBKg=
golang.org/x/mod v0.36.0 h1:JJjpVx6myfUsUdAzZuOSTTmRE0PfZeNWzzvKrP7amb4=
golang.org/x/mod v0.36.0/go.mod h1:moc6ELqsWcOw5Ef3xVprK5ul/MvtVvkIXLziUOICjUQ=
